Microsoft Visual Studio Solution File, Format Version 12.00
# Visual Studio Version 17
VisualStudioVersion = 17.0.31611.283
MinimumVisualStudioVersion = 10.0.40219.1
Project("{9A19103F-16F7-4668-BE54-9A1E7A4F7556}") = "PizzaStore.WebApp", "PizzaStore\src\UI\WebApp\PizzaStore.WebApp\PizzaStore.WebApp.csproj", "{D43A5AAA-B8FB-457D-AA2F-91FA574FF91A}"
EndProject
Project("{2150E333-8FDC-42A3-9474-1A3956D46DE8}") = "src", "src", "{8737E16E-E4BD-4BF0-9C89-9E206DDD46FD}"
EndProject
Project("{2150E333-8FDC-42A3-9474-1A3956D46DE8}") = "tests", "tests", "{71285E56-24EA-49B5-A45B-F6813C88AA8A}"
EndProject
Project("{2150E333-8FDC-42A3-9474-1A3956D46DE8}") = "WebApp", "WebApp", "{433B8CA6-C339-4F3C-B29A-47D903280924}"
EndProject
Project("{2150E333-8FDC-42A3-9474-1A3956D46DE8}") = "Domain", "Domain", "{A972EC01-DDB1-4817-A1F9-9AEDDF404913}"
EndProject
Project("{2150E333-8FDC-42A3-9474-1A3956D46DE8}") = "Application", "Application", "{519FA1E7-5640-4782-9F26-C2C5D6F72128}"
EndProject
Project("{2150E333-8FDC-42A3-9474-1A3956D46DE8}") = "Infrastructure", "Infrastructure", "{97E97B00-CCC6-474D-8C71-B7653EF446F7}"
EndProject
Project("{2150E333-8FDC-42A3-9474-1A3956D46DE8}") = "UI", "UI", "{AEFAFB5E-83E6-4591-8E02-CB85962DFF0B}"
EndProject
Project("{2150E333-8FDC-42A3-9474-1A3956D46DE8}") = "WebApp", "WebApp", "{52979624-CE2B-4077-A87F-A33E8D8C333A}"
EndProject
Project("{2150E333-8FDC-42A3-9474-1A3956D46DE8}") = "Mobile", "Mobile", "{04EECB06-BF81-4920-B425-4A729911A7E3}"
EndProject
Project("{9A19103F-16F7-4668-BE54-9A1E7A4F7556}") = "PizzaStore.Mobile", "PizzaStore\src\UI\Mobile\PizzaStore.Mobile\PizzaStore.Mobile.csproj", "{B0B79B76-7225-4F57-A9F5-2757799EE58C}"
EndProject
Project("{9A19103F-16F7-4668-BE54-9A1E7A4F7556}") = "PizzaStore.Domain", "PizzaStore\src\Domain\PizzaStore.Domain\PizzaStore.Domain.csproj", "{E0CFAE7F-F7A5-4DD1-99D6-1A6239CB51AB}"
EndProject
Project("{9A19103F-16F7-4668-BE54-9A1E7A4F7556}") = "PizzaStore.Application", "PizzaStore\src\Application\PizzaStore.Application\PizzaStore.Application.csproj", "{512F3E65-BEF8-457C-94E5-99D6FBDA9D81}"
EndProject
Project("{9A19103F-16F7-4668-BE54-9A1E7A4F7556}") = "PizzaStore.Infrastructure.WebApp.Data", "PizzaStore\src\Infrastructure\WebApp\PizzaStore.Infrastructure.WebApp.Data\PizzaStore.Infrastructure.WebApp.Data.csproj", "{8B73CFF9-3CD7-41AF-B1EC-3832DDE575B5}"
EndProject
Project("{9A19103F-16F7-4668-BE54-9A1E7A4F7556}") = "PizzaStore.Infrastructure.WebApp.Business", "PizzaStore\src\Infrastructure\WebApp\PizzaStore.Infrastructure.WebApp.Business\PizzaStore.Infrastructure.WebApp.Business.csproj", "{FD48A0BE-F297-4EF8-B2DB-0E775F9CF8E4}"
EndProject
Project("{2150E333-8FDC-42A3-9474-1A3956D46DE8}") = "Mobile", "Mobile", "{AD1602E9-25CC-41CA-9789-0BA80AD2AE43}"
EndProject
Project("{9A19103F-16F7-4668-BE54-9A1E7A4F7556}") = "PizzaStore.Infrastructure.Mobile.Data", "PizzaStore\src\Infrastructure\Mobile\PizzaStore.Infrastructure.Mobile.Data\PizzaStore.Infrastructure.Mobile.Data.csproj", "{AD9B0641-981D-4C3E-95AA-7BF4CE95D349}"
EndProject
Project("{9A19103F-16F7-4668-BE54-9A1E7A4F7556}") = "PizzaStore.Infrastructure.Mobile.Business", "PizzaStore\src\Infrastructure\Mobile\PizzaStore.Infrastructure.Mobile.Business\PizzaStore.Infrastructure.Mobile.Business.csproj", "{1E477792-5062-4E73-B217-AF20652115B3}"
EndProject
Project("{E53339B2-1760-4266-BCC7-CA923CBCF16C}") = "docker-compose", "PizzaStore\docker-compose.dcproj", "{F263CEB1-76B9-4A59-9B33-7C37DCC02347}"
EndProject
Project("{2150E333-8FDC-42A3-9474-1A3956D46DE8}") = "Infrastructure", "Infrastructure", "{C047EBEB-2B76-4C46-9E55-B46A24CDCEBB}"
EndProject
Project("{9A19103F-16F7-4668-BE54-9A1E7A4F7556}") = "PizzaStore.Infrastructure.WebApp.Business.Tests", "PizzaStore\tests\Infrastructure\WebApp\PizzaStore.Infrastructure.WebApp.Business.Tests\PizzaStore.Infrastructure.WebApp.Business.Tests.csproj", "{7BD5200F-E74B-4EF1-AEFE-A5FC1A7D02D4}"
EndProject
Project("{9A19103F-16F7-4668-BE54-9A1E7A4F7556}") = "PizzaStore.Infrastructure.WebApp.Data.Tests", "PizzaStore\tests\Infrastructure\WebApp\PizzaStore.Infrastructure.WebApp.Data.Tests\PizzaStore.Infrastructure.WebApp.Data.Tests.csproj", "{F2CB2772-F378-4739-9837-9F9DF6C689D9}"
EndProject
Project("{9A19103F-16F7-4668-BE54-9A1E7A4F7556}") = "PizzaStore.Infrastructure.Mobile.Data.Tests", "PizzaStore\tests\Infrastructure\Mobile\PizzaStore.Infrastructure.Mobile.Data.Tests\PizzaStore.Infrastructure.Mobile.Data.Tests.csproj", "{29705F4E-6161-46E9-8F62-C8701C8FCE34}"
EndProject
Project("{9A19103F-16F7-4668-BE54-9A1E7A4F7556}") = "PizzaStore.Infrastructure.Mobile.Business.Tests", "PizzaStore\tests\Infrastructure\Mobile\PizzaStore.Infrastructure.Mobile.Business.Tests\PizzaStore.Infrastructure.Mobile.Business.Tests.csproj", "{B64AF9D3-1B7F-4B08-A88A-1DDCA271DD2B}"
EndProject
Project("{9A19103F-16F7-4668-BE54-9A1E7A4F7556}") = "PizzaStore.WebApp.Application", "PizzaStore\src\Application\PizzaStore.WebApp.Application\PizzaStore.WebApp.Application.csproj", "{00A8B1B9-46B7-4E7D-926E-BDA075825BC3}"
EndProject
Project("{9A19103F-16F7-4668-BE54-9A1E7A4F7556}") = "PizzaStore.Infrastructure.Data", "PizzaStore\src\Infrastructure\PizzaStore.Infrustructure.Data\PizzaStore.Infrastructure.Data.csproj", "{51B88ACD-2011-4873-81E2-C6E58090C7DB}"
EndProject
Project("{9A19103F-16F7-4668-BE54-9A1E7A4F7556}") = "MauiAuth", "Auth\MauiAuth\MauiAuth.csproj", "{B91198E0-08DE-41B6-9056-95F90C3E0AD8}"
EndProject
Project("{9A19103F-16F7-4668-BE54-9A1E7A4F7556}") = "MauiBlazorPhotoGallery", "MauiBlazorPhotoGallery\MauiBlazorPhotoGallery.csproj", "{C9A17F44-78CB-4EDC-86C9-E307C2F25FF0}"
EndProject
Project("{9A19103F-16F7-4668-BE54-9A1E7A4F7556}") = "MauiSqlite", "Sqlite\MauiSqlite\MauiSqlite.csproj", "{43BACDC9-2889-476E-AF08-727E1B31D0B8}"
EndProject
Project("{9A19103F-16F7-4668-BE54-9A1E7A4F7556}") = "MauiMultiWindow", "MauiMultiWindow\MauiMultiWindow.csproj", "{432B4EFB-447B-4FA8-8083-6A00B56D0F13}"
EndProject
Project("{2150E333-8FDC-42A3-9474-1A3956D46DE8}") = "Sqlite", "Sqlite", "{671C019C-7DCC-4B9E-AD7D-B9F6F35D044E}"
EndProject
Project("{9A19103F-16F7-4668-BE54-9A1E7A4F7556}") = "MauiSqliteBlazor", "Sqlite\MauiSqliteBlazor\MauiSqliteBlazor.csproj", "{591E6CC5-EE07-423C-A6D1-48AD8AB3DC34}"
EndProject
Project("{9A19103F-16F7-4668-BE54-9A1E7A4F7556}") = "SqliteRepository", "Sqlite\SqliteRepository\SqliteRepository.csproj", "{13DAE136-5BF2-460C-BFD7-7BDB0785C935}"
EndProject
Project("{9A19103F-16F7-4668-BE54-9A1E7A4F7556}") = "KanbanBoard", "KanbanBoard\KanbanBoard.csproj", "{5E4780D5-8A16-44CE-975D-155E578351D0}"
EndProject
Project("{2150E333-8FDC-42A3-9474-1A3956D46DE8}") = "Solution Items", "Solution Items", "{CE4ABC8D-3F54-49AA-BA5A-DD47E7CEB56B}"
	ProjectSection(SolutionItems) = preProject
		Directory.Build.props = Directory.Build.props
		.github\workflows\dotnet.yml = .github\workflows\dotnet.yml
		md\footer.mdpp = md\footer.mdpp
		md\header.mdpp = md\header.mdpp
		NuGet.config = NuGet.config
		README.mdpp = README.mdpp
		md\run.ps1 = md\run.ps1
		md\thankyou.mdpp = md\thankyou.mdpp
	EndProjectSection
EndProject
Project("{2150E333-8FDC-42A3-9474-1A3956D46DE8}") = "Auth", "Auth", "{14D979DA-85FE-41DC-9C59-A49EE52EC9A5}"
EndProject
Project("{9A19103F-16F7-4668-BE54-9A1E7A4F7556}") = "MauiAuthBlazor", "Auth\MauiAuthBlazor\MauiAuthBlazor.csproj", "{6BF7A52A-311B-41C0-A112-3D8A06DA12FF}"
EndProject
Project("{9A19103F-16F7-4668-BE54-9A1E7A4F7556}") = "AuthServices", "Auth\AuthServices\AuthServices.csproj", "{1C9ECD3D-B554-4FDA-92BE-B8CE461BCBA4}"
EndProject
Project("{9A19103F-16F7-4668-BE54-9A1E7A4F7556}") = "TutorialHelp", "TutorialHelp\TutorialHelp.csproj", "{104D085F-85E6-4014-99B7-9CF026558FC5}"
EndProject
Project("{9A19103F-16F7-4668-BE54-9A1E7A4F7556}") = "MauiPaint", "MauiPaint\MauiPaint.csproj", "{CA6EF2BC-720F-41BF-8247-4BB971CBA57B}"
EndProject
Project("{2150E333-8FDC-42A3-9474-1A3956D46DE8}") = "PizzaStore", "PizzaStore", "{9C13204C-97BB-4962-96FC-B3796A85B98F}"
	ProjectSection(SolutionItems) = preProject
		PizzaStore\Directory.Build.props = PizzaStore\Directory.Build.props
	EndProjectSection
EndProject
Project("{9A19103F-16F7-4668-BE54-9A1E7A4F7556}") = "MauiLocalization", "MauiLocalization\MauiLocalization.csproj", "{1A18FCF6-DA42-4CB4-96EC-CF7307FA69DC}"
EndProject
Project("{9A19103F-16F7-4668-BE54-9A1E7A4F7556}") = "CardLayout", "CardLayout\CardLayout.csproj", "{EABD8EA3-E455-4F5F-A2C7-D1A5681CD13C}"
EndProject
Project("{9A19103F-16F7-4668-BE54-9A1E7A4F7556}") = "MauiImageEffects", "MauiImageEffects\MauiImageEffects.csproj", "{F7B88462-82EC-413D-95D7-A19B02108B74}"
EndProject
Project("{9A19103F-16F7-4668-BE54-9A1E7A4F7556}") = "MauiWorkflowBuilder", "MauiWorkflowBuilder\MauiWorkflowBuilder.csproj", "{F5DCF294-E0C8-4466-9EFE-04C7C3F17BF7}"
EndProject
Project("{9A19103F-16F7-4668-BE54-9A1E7A4F7556}") = "MauiBank", "MauiBank\MauiBank.csproj", "{3FB23A30-2E79-4524-9FBE-41F230395F4C}"
EndProject
Project("{9A19103F-16F7-4668-BE54-9A1E7A4F7556}") = "BottomSheet", "BottomSheet\BottomSheet.csproj", "{29FEFF3E-62BD-4156-993A-7264EC281AA9}"
EndProject
Project("{2150E333-8FDC-42A3-9474-1A3956D46DE8}") = "iOSExtensions", "iOSExtensions", "{F215B6A7-4C79-4415-95D2-6F561143C9AC}"
	ProjectSection(SolutionItems) = preProject
		iOSExtensions\Directory.Build.props = iOSExtensions\Directory.Build.props
	EndProjectSection
EndProject
Project("{9A19103F-16F7-4668-BE54-9A1E7A4F7556}") = "AppContainer", "iOSExtensions\ShareExtension\AppContainer\AppContainer.csproj", "{E3B8C927-987B-410C-9B8F-9C683B2F494A}"
EndProject
Project("{9A19103F-16F7-4668-BE54-9A1E7A4F7556}") = "AppContainerExtension", "iOSExtensions\ShareExtension\AppContainerExtension\AppContainerExtension.csproj", "{74032D84-5715-43FF-B4D7-A0811210FD5D}"
EndProject
Project("{9A19103F-16F7-4668-BE54-9A1E7A4F7556}") = "MauiAnimation", "MauiAnimation\MauiAnimation.csproj", "{DFBD9B26-52C3-46D0-96F1-A65E14ABF99F}"
EndProject
Project("{9A19103F-16F7-4668-BE54-9A1E7A4F7556}") = "JokeApp", "iOSExtensions\JokeApp\JokeApp\JokeApp.csproj", "{CCC3A6CB-7C8D-4401-BD6C-2B0C4606CDFF}"
EndProject
Project("{2150E333-8FDC-42A3-9474-1A3956D46DE8}") = "ShareExtension", "ShareExtension", "{937CCB6F-427B-415E-813E-025AF73741CC}"
	ProjectSection(SolutionItems) = preProject
		iOSExtensions\ShareExtension\README.md = iOSExtensions\ShareExtension\README.md
	EndProjectSection
EndProject
Project("{2150E333-8FDC-42A3-9474-1A3956D46DE8}") = "JokeApp", "JokeApp", "{D7258BEF-416D-4F3E-A359-87BD545A84A9}"
	ProjectSection(SolutionItems) = preProject
		iOSExtensions\JokeApp\README.md = iOSExtensions\JokeApp\README.md
	EndProjectSection
EndProject
Project("{9A19103F-16F7-4668-BE54-9A1E7A4F7556}") = "JokeAppWidget", "iOSExtensions\JokeApp\JokeAppWidget\JokeAppWidget.csproj", "{8CE62F62-CE5D-48F4-8754-3F07FF72C3C2}"
EndProject
Project("{9A19103F-16F7-4668-BE54-9A1E7A4F7556}") = "MauiMaps", "MauiMaps\MauiMaps.csproj", "{3A12303A-CF37-4B50-B135-09759F466904}"
EndProject
Project("{2150E333-8FDC-42A3-9474-1A3956D46DE8}") = "Application", "Application", "{7429E8FC-195F-4628-B7E9-626C8837AD92}"
EndProject
Project("{9A19103F-16F7-4668-BE54-9A1E7A4F7556}") = "PizzaStore.Application.Tests", "PizzaStore\tests\Application\PizzaStore.Application.Tests\PizzaStore.Application.Tests.csproj", "{21098A0C-CA6C-484B-8637-7A3BFAF4AABE}"
EndProject
Project("{9A19103F-16F7-4668-BE54-9A1E7A4F7556}") = "MauiBluetooth", "MauiBluetooth\MauiBluetooth.csproj", "{426D4B5D-3EC2-498A-A986-4C4F206E90A0}"
EndProject
Project("{9A19103F-16F7-4668-BE54-9A1E7A4F7556}") = "DynamicFab", "DynamicFab\DynamicFab.csproj", "{686F7A93-4139-49BA-AC05-D59728D92DE1}"
EndProject
Project("{9A19103F-16F7-4668-BE54-9A1E7A4F7556}") = "MauiSpeech", "MauiSpeech\MauiSpeech.csproj", "{7D63B03A-437E-4EE2-87F6-753157F4F06A}"
EndProject
Project("{9A19103F-16F7-4668-BE54-9A1E7A4F7556}") = "MauiBadge", "MauiBadge\MauiBadge.csproj", "{631E2C5B-91EB-4414-B995-14B9C5A014CE}"
EndProject
Project("{9A19103F-16F7-4668-BE54-9A1E7A4F7556}") = "RepositoryContributors", "RepositoryContributors\RepositoryContributors.csproj", "{450964EE-07D7-4C4E-8DEE-F79D3CABC4DC}"
EndProject
Project("{9A19103F-16F7-4668-BE54-9A1E7A4F7556}") = "GitConfiguration", "GitConfiguration\GitConfiguration.csproj", "{33DDBCDB-3E8D-412D-9B26-E566579DD57E}"
EndProject
Project("{9A19103F-16F7-4668-BE54-9A1E7A4F7556}") = "MauiBells", "MauiBells\MauiBells.csproj", "{D74BD533-A90F-440B-8F8C-DE69E03F9F01}"
EndProject
Project("{9A19103F-16F7-4668-BE54-9A1E7A4F7556}") = "MauiMarkdown", "MauiMarkdown\MauiMarkdown.csproj", "{8F68DCE3-2828-4158-95C0-B25FE0344AD7}"
EndProject
Project("{9A19103F-16F7-4668-BE54-9A1E7A4F7556}") = "IPTVPlayer", "IPTVPlayer\IPTVPlayer.csproj", "{C40B96EB-AF5C-4158-A3DF-C1C77DF878E0}"
EndProject
Project("{9A19103F-16F7-4668-BE54-9A1E7A4F7556}") = "MauiDynamicConfiguration", "MauiDynamicConfiguration\MauiDynamicConfiguration.csproj", "{0EEE7254-A098-41F6-B189-CE2F03D9CB75}"
EndProject
Project("{9A19103F-16F7-4668-BE54-9A1E7A4F7556}") = "MauiCaptcha", "MauiCaptcha\MauiCaptcha.csproj", "{B9EF0C37-6230-40CC-9D8E-9AD5A5F81141}"
EndProject
Project("{9A19103F-16F7-4668-BE54-9A1E7A4F7556}") = "MauiTaskbarProgress", "MauiTaskbarProgress\MauiTaskbarProgress.csproj", "{360633E8-A8FD-4D19-8AD8-94859005AB2F}"
EndProject
Project("{9A19103F-16F7-4668-BE54-9A1E7A4F7556}") = "MauiCursor", "MauiCursor\MauiCursor.csproj", "{CC06F0E5-A7BC-42C0-B3FF-F2493A085726}"
EndProject
Project("{9A19103F-16F7-4668-BE54-9A1E7A4F7556}") = "MauiShellCustomization", "MauiShellCustomization\MauiShellCustomization.csproj", "{D2615DB2-1868-4321-BEDF-D078A6381FFC}"
EndProject
Project("{9A19103F-16F7-4668-BE54-9A1E7A4F7556}") = "MauiDraggableView", "MauiDraggableView\MauiDraggableView.csproj", "{E31859C8-CAEF-473B-95C9-F0632B113ABB}"
EndProject
Project("{2150E333-8FDC-42A3-9474-1A3956D46DE8}") = "md", "md", "{4C3F6E69-0FB4-41D5-8D8F-2E48B033A3EF}"
	ProjectSection(SolutionItems) = preProject
		md\footer.mdpp = md\footer.mdpp
		md\header.mdpp = md\header.mdpp
		md\run.ps1 = md\run.ps1
		md\thankyou.mdpp = md\thankyou.mdpp
	EndProjectSection
EndProject
Global
	GlobalSection(SolutionConfigurationPlatforms) = preSolution
		Debug|Any CPU = Debug|Any CPU
		Release|Any CPU = Release|Any CPU
	EndGlobalSection
	GlobalSection(ProjectConfigurationPlatforms) = postSolution
		{D43A5AAA-B8FB-457D-AA2F-91FA574FF91A}.Debug|Any CPU.ActiveCfg = Debug|Any CPU
		{D43A5AAA-B8FB-457D-AA2F-91FA574FF91A}.Debug|Any CPU.Build.0 = Debug|Any CPU
		{D43A5AAA-B8FB-457D-AA2F-91FA574FF91A}.Debug|Any CPU.Deploy.0 = Debug|Any CPU
		{D43A5AAA-B8FB-457D-AA2F-91FA574FF91A}.Release|Any CPU.ActiveCfg = Release|Any CPU
		{D43A5AAA-B8FB-457D-AA2F-91FA574FF91A}.Release|Any CPU.Build.0 = Release|Any CPU
		{B0B79B76-7225-4F57-A9F5-2757799EE58C}.Debug|Any CPU.ActiveCfg = Debug|Any CPU
		{B0B79B76-7225-4F57-A9F5-2757799EE58C}.Debug|Any CPU.Build.0 = Debug|Any CPU
		{B0B79B76-7225-4F57-A9F5-2757799EE58C}.Debug|Any CPU.Deploy.0 = Debug|Any CPU
		{B0B79B76-7225-4F57-A9F5-2757799EE58C}.Release|Any CPU.ActiveCfg = Release|Any CPU
		{B0B79B76-7225-4F57-A9F5-2757799EE58C}.Release|Any CPU.Build.0 = Release|Any CPU
		{B0B79B76-7225-4F57-A9F5-2757799EE58C}.Release|Any CPU.Deploy.0 = Release|Any CPU
		{E0CFAE7F-F7A5-4DD1-99D6-1A6239CB51AB}.Debug|Any CPU.ActiveCfg = Debug|Any CPU
		{E0CFAE7F-F7A5-4DD1-99D6-1A6239CB51AB}.Debug|Any CPU.Build.0 = Debug|Any CPU
		{E0CFAE7F-F7A5-4DD1-99D6-1A6239CB51AB}.Release|Any CPU.ActiveCfg = Release|Any CPU
		{E0CFAE7F-F7A5-4DD1-99D6-1A6239CB51AB}.Release|Any CPU.Build.0 = Release|Any CPU
		{512F3E65-BEF8-457C-94E5-99D6FBDA9D81}.Debug|Any CPU.ActiveCfg = Debug|Any CPU
		{512F3E65-BEF8-457C-94E5-99D6FBDA9D81}.Debug|Any CPU.Build.0 = Debug|Any CPU
		{512F3E65-BEF8-457C-94E5-99D6FBDA9D81}.Release|Any CPU.ActiveCfg = Release|Any CPU
		{512F3E65-BEF8-457C-94E5-99D6FBDA9D81}.Release|Any CPU.Build.0 = Release|Any CPU
		{8B73CFF9-3CD7-41AF-B1EC-3832DDE575B5}.Debug|Any CPU.ActiveCfg = Debug|Any CPU
		{8B73CFF9-3CD7-41AF-B1EC-3832DDE575B5}.Debug|Any CPU.Build.0 = Debug|Any CPU
		{8B73CFF9-3CD7-41AF-B1EC-3832DDE575B5}.Release|Any CPU.ActiveCfg = Release|Any CPU
		{8B73CFF9-3CD7-41AF-B1EC-3832DDE575B5}.Release|Any CPU.Build.0 = Release|Any CPU
		{FD48A0BE-F297-4EF8-B2DB-0E775F9CF8E4}.Debug|Any CPU.ActiveCfg = Debug|Any CPU
		{FD48A0BE-F297-4EF8-B2DB-0E775F9CF8E4}.Debug|Any CPU.Build.0 = Debug|Any CPU
		{FD48A0BE-F297-4EF8-B2DB-0E775F9CF8E4}.Release|Any CPU.ActiveCfg = Release|Any CPU
		{FD48A0BE-F297-4EF8-B2DB-0E775F9CF8E4}.Release|Any CPU.Build.0 = Release|Any CPU
		{AD9B0641-981D-4C3E-95AA-7BF4CE95D349}.Debug|Any CPU.ActiveCfg = Debug|Any CPU
		{AD9B0641-981D-4C3E-95AA-7BF4CE95D349}.Debug|Any CPU.Build.0 = Debug|Any CPU
		{AD9B0641-981D-4C3E-95AA-7BF4CE95D349}.Release|Any CPU.ActiveCfg = Release|Any CPU
		{AD9B0641-981D-4C3E-95AA-7BF4CE95D349}.Release|Any CPU.Build.0 = Release|Any CPU
		{1E477792-5062-4E73-B217-AF20652115B3}.Debug|Any CPU.ActiveCfg = Debug|Any CPU
		{1E477792-5062-4E73-B217-AF20652115B3}.Debug|Any CPU.Build.0 = Debug|Any CPU
		{1E477792-5062-4E73-B217-AF20652115B3}.Release|Any CPU.ActiveCfg = Release|Any CPU
		{1E477792-5062-4E73-B217-AF20652115B3}.Release|Any CPU.Build.0 = Release|Any CPU
		{F263CEB1-76B9-4A59-9B33-7C37DCC02347}.Debug|Any CPU.ActiveCfg = Debug|Any CPU
		{F263CEB1-76B9-4A59-9B33-7C37DCC02347}.Release|Any CPU.ActiveCfg = Debug|Any CPU
		{7BD5200F-E74B-4EF1-AEFE-A5FC1A7D02D4}.Debug|Any CPU.ActiveCfg = Debug|Any CPU
		{7BD5200F-E74B-4EF1-AEFE-A5FC1A7D02D4}.Debug|Any CPU.Build.0 = Debug|Any CPU
		{7BD5200F-E74B-4EF1-AEFE-A5FC1A7D02D4}.Release|Any CPU.ActiveCfg = Release|Any CPU
		{7BD5200F-E74B-4EF1-AEFE-A5FC1A7D02D4}.Release|Any CPU.Build.0 = Release|Any CPU
		{F2CB2772-F378-4739-9837-9F9DF6C689D9}.Debug|Any CPU.ActiveCfg = Debug|Any CPU
		{F2CB2772-F378-4739-9837-9F9DF6C689D9}.Debug|Any CPU.Build.0 = Debug|Any CPU
		{F2CB2772-F378-4739-9837-9F9DF6C689D9}.Release|Any CPU.ActiveCfg = Release|Any CPU
		{F2CB2772-F378-4739-9837-9F9DF6C689D9}.Release|Any CPU.Build.0 = Release|Any CPU
		{29705F4E-6161-46E9-8F62-C8701C8FCE34}.Debug|Any CPU.ActiveCfg = Debug|Any CPU
		{29705F4E-6161-46E9-8F62-C8701C8FCE34}.Debug|Any CPU.Build.0 = Debug|Any CPU
		{29705F4E-6161-46E9-8F62-C8701C8FCE34}.Release|Any CPU.ActiveCfg = Release|Any CPU
		{29705F4E-6161-46E9-8F62-C8701C8FCE34}.Release|Any CPU.Build.0 = Release|Any CPU
		{B64AF9D3-1B7F-4B08-A88A-1DDCA271DD2B}.Debug|Any CPU.ActiveCfg = Debug|Any CPU
		{B64AF9D3-1B7F-4B08-A88A-1DDCA271DD2B}.Debug|Any CPU.Build.0 = Debug|Any CPU
		{B64AF9D3-1B7F-4B08-A88A-1DDCA271DD2B}.Release|Any CPU.ActiveCfg = Release|Any CPU
		{B64AF9D3-1B7F-4B08-A88A-1DDCA271DD2B}.Release|Any CPU.Build.0 = Release|Any CPU
		{00A8B1B9-46B7-4E7D-926E-BDA075825BC3}.Debug|Any CPU.ActiveCfg = Debug|Any CPU
		{00A8B1B9-46B7-4E7D-926E-BDA075825BC3}.Debug|Any CPU.Build.0 = Debug|Any CPU
		{00A8B1B9-46B7-4E7D-926E-BDA075825BC3}.Release|Any CPU.ActiveCfg = Release|Any CPU
		{00A8B1B9-46B7-4E7D-926E-BDA075825BC3}.Release|Any CPU.Build.0 = Release|Any CPU
		{51B88ACD-2011-4873-81E2-C6E58090C7DB}.Debug|Any CPU.ActiveCfg = Debug|Any CPU
		{51B88ACD-2011-4873-81E2-C6E58090C7DB}.Debug|Any CPU.Build.0 = Debug|Any CPU
		{51B88ACD-2011-4873-81E2-C6E58090C7DB}.Release|Any CPU.ActiveCfg = Release|Any CPU
		{51B88ACD-2011-4873-81E2-C6E58090C7DB}.Release|Any CPU.Build.0 = Release|Any CPU
		{B91198E0-08DE-41B6-9056-95F90C3E0AD8}.Debug|Any CPU.ActiveCfg = Debug|Any CPU
		{B91198E0-08DE-41B6-9056-95F90C3E0AD8}.Debug|Any CPU.Build.0 = Debug|Any CPU
		{B91198E0-08DE-41B6-9056-95F90C3E0AD8}.Debug|Any CPU.Deploy.0 = Debug|Any CPU
		{B91198E0-08DE-41B6-9056-95F90C3E0AD8}.Release|Any CPU.ActiveCfg = Release|Any CPU
		{B91198E0-08DE-41B6-9056-95F90C3E0AD8}.Release|Any CPU.Build.0 = Release|Any CPU
		{B91198E0-08DE-41B6-9056-95F90C3E0AD8}.Release|Any CPU.Deploy.0 = Release|Any CPU
		{C9A17F44-78CB-4EDC-86C9-E307C2F25FF0}.Debug|Any CPU.ActiveCfg = Debug|Any CPU
		{C9A17F44-78CB-4EDC-86C9-E307C2F25FF0}.Debug|Any CPU.Build.0 = Debug|Any CPU
		{C9A17F44-78CB-4EDC-86C9-E307C2F25FF0}.Debug|Any CPU.Deploy.0 = Debug|Any CPU
		{C9A17F44-78CB-4EDC-86C9-E307C2F25FF0}.Release|Any CPU.ActiveCfg = Release|Any CPU
		{C9A17F44-78CB-4EDC-86C9-E307C2F25FF0}.Release|Any CPU.Build.0 = Release|Any CPU
		{C9A17F44-78CB-4EDC-86C9-E307C2F25FF0}.Release|Any CPU.Deploy.0 = Release|Any CPU
		{43BACDC9-2889-476E-AF08-727E1B31D0B8}.Debug|Any CPU.ActiveCfg = Debug|Any CPU
		{43BACDC9-2889-476E-AF08-727E1B31D0B8}.Debug|Any CPU.Build.0 = Debug|Any CPU
		{43BACDC9-2889-476E-AF08-727E1B31D0B8}.Debug|Any CPU.Deploy.0 = Debug|Any CPU
		{43BACDC9-2889-476E-AF08-727E1B31D0B8}.Release|Any CPU.ActiveCfg = Release|Any CPU
		{43BACDC9-2889-476E-AF08-727E1B31D0B8}.Release|Any CPU.Build.0 = Release|Any CPU
		{43BACDC9-2889-476E-AF08-727E1B31D0B8}.Release|Any CPU.Deploy.0 = Release|Any CPU
		{432B4EFB-447B-4FA8-8083-6A00B56D0F13}.Debug|Any CPU.ActiveCfg = Debug|Any CPU
		{432B4EFB-447B-4FA8-8083-6A00B56D0F13}.Debug|Any CPU.Build.0 = Debug|Any CPU
		{432B4EFB-447B-4FA8-8083-6A00B56D0F13}.Debug|Any CPU.Deploy.0 = Debug|Any CPU
		{432B4EFB-447B-4FA8-8083-6A00B56D0F13}.Release|Any CPU.ActiveCfg = Release|Any CPU
		{432B4EFB-447B-4FA8-8083-6A00B56D0F13}.Release|Any CPU.Build.0 = Release|Any CPU
		{432B4EFB-447B-4FA8-8083-6A00B56D0F13}.Release|Any CPU.Deploy.0 = Release|Any CPU
		{591E6CC5-EE07-423C-A6D1-48AD8AB3DC34}.Debug|Any CPU.ActiveCfg = Debug|Any CPU
		{591E6CC5-EE07-423C-A6D1-48AD8AB3DC34}.Debug|Any CPU.Build.0 = Debug|Any CPU
		{591E6CC5-EE07-423C-A6D1-48AD8AB3DC34}.Debug|Any CPU.Deploy.0 = Debug|Any CPU
		{591E6CC5-EE07-423C-A6D1-48AD8AB3DC34}.Release|Any CPU.ActiveCfg = Release|Any CPU
		{591E6CC5-EE07-423C-A6D1-48AD8AB3DC34}.Release|Any CPU.Build.0 = Release|Any CPU
		{591E6CC5-EE07-423C-A6D1-48AD8AB3DC34}.Release|Any CPU.Deploy.0 = Release|Any CPU
		{13DAE136-5BF2-460C-BFD7-7BDB0785C935}.Debug|Any CPU.ActiveCfg = Debug|Any CPU
		{13DAE136-5BF2-460C-BFD7-7BDB0785C935}.Debug|Any CPU.Build.0 = Debug|Any CPU
		{13DAE136-5BF2-460C-BFD7-7BDB0785C935}.Release|Any CPU.ActiveCfg = Release|Any CPU
		{13DAE136-5BF2-460C-BFD7-7BDB0785C935}.Release|Any CPU.Build.0 = Release|Any CPU
		{5E4780D5-8A16-44CE-975D-155E578351D0}.Debug|Any CPU.ActiveCfg = Debug|Any CPU
		{5E4780D5-8A16-44CE-975D-155E578351D0}.Debug|Any CPU.Build.0 = Debug|Any CPU
		{5E4780D5-8A16-44CE-975D-155E578351D0}.Debug|Any CPU.Deploy.0 = Debug|Any CPU
		{5E4780D5-8A16-44CE-975D-155E578351D0}.Release|Any CPU.ActiveCfg = Release|Any CPU
		{5E4780D5-8A16-44CE-975D-155E578351D0}.Release|Any CPU.Build.0 = Release|Any CPU
		{5E4780D5-8A16-44CE-975D-155E578351D0}.Release|Any CPU.Deploy.0 = Release|Any CPU
		{6BF7A52A-311B-41C0-A112-3D8A06DA12FF}.Debug|Any CPU.ActiveCfg = Debug|Any CPU
		{6BF7A52A-311B-41C0-A112-3D8A06DA12FF}.Debug|Any CPU.Build.0 = Debug|Any CPU
		{6BF7A52A-311B-41C0-A112-3D8A06DA12FF}.Debug|Any CPU.Deploy.0 = Debug|Any CPU
		{6BF7A52A-311B-41C0-A112-3D8A06DA12FF}.Release|Any CPU.ActiveCfg = Release|Any CPU
		{6BF7A52A-311B-41C0-A112-3D8A06DA12FF}.Release|Any CPU.Build.0 = Release|Any CPU
		{6BF7A52A-311B-41C0-A112-3D8A06DA12FF}.Release|Any CPU.Deploy.0 = Release|Any CPU
		{1C9ECD3D-B554-4FDA-92BE-B8CE461BCBA4}.Debug|Any CPU.ActiveCfg = Debug|Any CPU
		{1C9ECD3D-B554-4FDA-92BE-B8CE461BCBA4}.Debug|Any CPU.Build.0 = Debug|Any CPU
		{1C9ECD3D-B554-4FDA-92BE-B8CE461BCBA4}.Release|Any CPU.ActiveCfg = Release|Any CPU
		{1C9ECD3D-B554-4FDA-92BE-B8CE461BCBA4}.Release|Any CPU.Build.0 = Release|Any CPU
		{104D085F-85E6-4014-99B7-9CF026558FC5}.Debug|Any CPU.ActiveCfg = Debug|Any CPU
		{104D085F-85E6-4014-99B7-9CF026558FC5}.Debug|Any CPU.Build.0 = Debug|Any CPU
		{104D085F-85E6-4014-99B7-9CF026558FC5}.Debug|Any CPU.Deploy.0 = Debug|Any CPU
		{104D085F-85E6-4014-99B7-9CF026558FC5}.Release|Any CPU.ActiveCfg = Release|Any CPU
		{104D085F-85E6-4014-99B7-9CF026558FC5}.Release|Any CPU.Build.0 = Release|Any CPU
		{104D085F-85E6-4014-99B7-9CF026558FC5}.Release|Any CPU.Deploy.0 = Release|Any CPU
		{CA6EF2BC-720F-41BF-8247-4BB971CBA57B}.Debug|Any CPU.ActiveCfg = Debug|Any CPU
		{CA6EF2BC-720F-41BF-8247-4BB971CBA57B}.Debug|Any CPU.Build.0 = Debug|Any CPU
		{CA6EF2BC-720F-41BF-8247-4BB971CBA57B}.Debug|Any CPU.Deploy.0 = Debug|Any CPU
		{CA6EF2BC-720F-41BF-8247-4BB971CBA57B}.Release|Any CPU.ActiveCfg = Release|Any CPU
		{CA6EF2BC-720F-41BF-8247-4BB971CBA57B}.Release|Any CPU.Build.0 = Release|Any CPU
		{CA6EF2BC-720F-41BF-8247-4BB971CBA57B}.Release|Any CPU.Deploy.0 = Release|Any CPU
		{1A18FCF6-DA42-4CB4-96EC-CF7307FA69DC}.Debug|Any CPU.ActiveCfg = Debug|Any CPU
		{1A18FCF6-DA42-4CB4-96EC-CF7307FA69DC}.Debug|Any CPU.Build.0 = Debug|Any CPU
		{1A18FCF6-DA42-4CB4-96EC-CF7307FA69DC}.Debug|Any CPU.Deploy.0 = Debug|Any CPU
		{1A18FCF6-DA42-4CB4-96EC-CF7307FA69DC}.Release|Any CPU.ActiveCfg = Release|Any CPU
		{1A18FCF6-DA42-4CB4-96EC-CF7307FA69DC}.Release|Any CPU.Build.0 = Release|Any CPU
		{1A18FCF6-DA42-4CB4-96EC-CF7307FA69DC}.Release|Any CPU.Deploy.0 = Release|Any CPU
		{EABD8EA3-E455-4F5F-A2C7-D1A5681CD13C}.Debug|Any CPU.ActiveCfg = Debug|Any CPU
		{EABD8EA3-E455-4F5F-A2C7-D1A5681CD13C}.Debug|Any CPU.Build.0 = Debug|Any CPU
		{EABD8EA3-E455-4F5F-A2C7-D1A5681CD13C}.Debug|Any CPU.Deploy.0 = Debug|Any CPU
		{EABD8EA3-E455-4F5F-A2C7-D1A5681CD13C}.Release|Any CPU.ActiveCfg = Release|Any CPU
		{EABD8EA3-E455-4F5F-A2C7-D1A5681CD13C}.Release|Any CPU.Build.0 = Release|Any CPU
		{EABD8EA3-E455-4F5F-A2C7-D1A5681CD13C}.Release|Any CPU.Deploy.0 = Release|Any CPU
		{F7B88462-82EC-413D-95D7-A19B02108B74}.Debug|Any CPU.ActiveCfg = Debug|Any CPU
		{F7B88462-82EC-413D-95D7-A19B02108B74}.Debug|Any CPU.Build.0 = Debug|Any CPU
		{F7B88462-82EC-413D-95D7-A19B02108B74}.Debug|Any CPU.Deploy.0 = Debug|Any CPU
		{F7B88462-82EC-413D-95D7-A19B02108B74}.Release|Any CPU.ActiveCfg = Release|Any CPU
		{F7B88462-82EC-413D-95D7-A19B02108B74}.Release|Any CPU.Build.0 = Release|Any CPU
		{F7B88462-82EC-413D-95D7-A19B02108B74}.Release|Any CPU.Deploy.0 = Release|Any CPU
		{F5DCF294-E0C8-4466-9EFE-04C7C3F17BF7}.Debug|Any CPU.ActiveCfg = Debug|Any CPU
		{F5DCF294-E0C8-4466-9EFE-04C7C3F17BF7}.Debug|Any CPU.Build.0 = Debug|Any CPU
		{F5DCF294-E0C8-4466-9EFE-04C7C3F17BF7}.Debug|Any CPU.Deploy.0 = Debug|Any CPU
		{F5DCF294-E0C8-4466-9EFE-04C7C3F17BF7}.Release|Any CPU.ActiveCfg = Release|Any CPU
		{F5DCF294-E0C8-4466-9EFE-04C7C3F17BF7}.Release|Any CPU.Build.0 = Release|Any CPU
		{F5DCF294-E0C8-4466-9EFE-04C7C3F17BF7}.Release|Any CPU.Deploy.0 = Release|Any CPU
		{3FB23A30-2E79-4524-9FBE-41F230395F4C}.Debug|Any CPU.ActiveCfg = Debug|Any CPU
		{3FB23A30-2E79-4524-9FBE-41F230395F4C}.Debug|Any CPU.Build.0 = Debug|Any CPU
		{3FB23A30-2E79-4524-9FBE-41F230395F4C}.Debug|Any CPU.Deploy.0 = Debug|Any CPU
		{3FB23A30-2E79-4524-9FBE-41F230395F4C}.Release|Any CPU.ActiveCfg = Release|Any CPU
		{3FB23A30-2E79-4524-9FBE-41F230395F4C}.Release|Any CPU.Build.0 = Release|Any CPU
		{3FB23A30-2E79-4524-9FBE-41F230395F4C}.Release|Any CPU.Deploy.0 = Release|Any CPU
		{29FEFF3E-62BD-4156-993A-7264EC281AA9}.Debug|Any CPU.ActiveCfg = Debug|Any CPU
		{29FEFF3E-62BD-4156-993A-7264EC281AA9}.Debug|Any CPU.Build.0 = Debug|Any CPU
		{29FEFF3E-62BD-4156-993A-7264EC281AA9}.Debug|Any CPU.Deploy.0 = Debug|Any CPU
		{29FEFF3E-62BD-4156-993A-7264EC281AA9}.Release|Any CPU.ActiveCfg = Release|Any CPU
		{29FEFF3E-62BD-4156-993A-7264EC281AA9}.Release|Any CPU.Build.0 = Release|Any CPU
		{29FEFF3E-62BD-4156-993A-7264EC281AA9}.Release|Any CPU.Deploy.0 = Release|Any CPU
		{E3B8C927-987B-410C-9B8F-9C683B2F494A}.Debug|Any CPU.ActiveCfg = Debug|Any CPU
		{E3B8C927-987B-410C-9B8F-9C683B2F494A}.Debug|Any CPU.Build.0 = Debug|Any CPU
		{E3B8C927-987B-410C-9B8F-9C683B2F494A}.Debug|Any CPU.Deploy.0 = Debug|Any CPU
		{E3B8C927-987B-410C-9B8F-9C683B2F494A}.Release|Any CPU.ActiveCfg = Release|Any CPU
		{E3B8C927-987B-410C-9B8F-9C683B2F494A}.Release|Any CPU.Build.0 = Release|Any CPU
		{E3B8C927-987B-410C-9B8F-9C683B2F494A}.Release|Any CPU.Deploy.0 = Release|Any CPU
		{74032D84-5715-43FF-B4D7-A0811210FD5D}.Debug|Any CPU.ActiveCfg = Debug|Any CPU
		{74032D84-5715-43FF-B4D7-A0811210FD5D}.Debug|Any CPU.Build.0 = Debug|Any CPU
		{74032D84-5715-43FF-B4D7-A0811210FD5D}.Debug|Any CPU.Deploy.0 = Debug|Any CPU
		{74032D84-5715-43FF-B4D7-A0811210FD5D}.Release|Any CPU.ActiveCfg = Release|Any CPU
		{74032D84-5715-43FF-B4D7-A0811210FD5D}.Release|Any CPU.Build.0 = Release|Any CPU
		{74032D84-5715-43FF-B4D7-A0811210FD5D}.Release|Any CPU.Deploy.0 = Release|Any CPU
		{DFBD9B26-52C3-46D0-96F1-A65E14ABF99F}.Debug|Any CPU.ActiveCfg = Debug|Any CPU
		{DFBD9B26-52C3-46D0-96F1-A65E14ABF99F}.Debug|Any CPU.Build.0 = Debug|Any CPU
		{DFBD9B26-52C3-46D0-96F1-A65E14ABF99F}.Debug|Any CPU.Deploy.0 = Debug|Any CPU
		{DFBD9B26-52C3-46D0-96F1-A65E14ABF99F}.Release|Any CPU.ActiveCfg = Release|Any CPU
		{DFBD9B26-52C3-46D0-96F1-A65E14ABF99F}.Release|Any CPU.Build.0 = Release|Any CPU
		{DFBD9B26-52C3-46D0-96F1-A65E14ABF99F}.Release|Any CPU.Deploy.0 = Release|Any CPU
		{CCC3A6CB-7C8D-4401-BD6C-2B0C4606CDFF}.Debug|Any CPU.ActiveCfg = Debug|Any CPU
		{CCC3A6CB-7C8D-4401-BD6C-2B0C4606CDFF}.Debug|Any CPU.Build.0 = Debug|Any CPU
		{CCC3A6CB-7C8D-4401-BD6C-2B0C4606CDFF}.Debug|Any CPU.Deploy.0 = Debug|Any CPU
		{CCC3A6CB-7C8D-4401-BD6C-2B0C4606CDFF}.Release|Any CPU.ActiveCfg = Release|Any CPU
		{CCC3A6CB-7C8D-4401-BD6C-2B0C4606CDFF}.Release|Any CPU.Build.0 = Release|Any CPU
		{CCC3A6CB-7C8D-4401-BD6C-2B0C4606CDFF}.Release|Any CPU.Deploy.0 = Release|Any CPU
		{8CE62F62-CE5D-48F4-8754-3F07FF72C3C2}.Debug|Any CPU.ActiveCfg = Debug|Any CPU
		{8CE62F62-CE5D-48F4-8754-3F07FF72C3C2}.Debug|Any CPU.Build.0 = Debug|Any CPU
		{8CE62F62-CE5D-48F4-8754-3F07FF72C3C2}.Debug|Any CPU.Deploy.0 = Debug|Any CPU
		{8CE62F62-CE5D-48F4-8754-3F07FF72C3C2}.Release|Any CPU.ActiveCfg = Release|Any CPU
		{8CE62F62-CE5D-48F4-8754-3F07FF72C3C2}.Release|Any CPU.Build.0 = Release|Any CPU
		{8CE62F62-CE5D-48F4-8754-3F07FF72C3C2}.Release|Any CPU.Deploy.0 = Release|Any CPU
		{3A12303A-CF37-4B50-B135-09759F466904}.Debug|Any CPU.ActiveCfg = Debug|Any CPU
		{3A12303A-CF37-4B50-B135-09759F466904}.Debug|Any CPU.Build.0 = Debug|Any CPU
		{3A12303A-CF37-4B50-B135-09759F466904}.Debug|Any CPU.Deploy.0 = Debug|Any CPU
		{3A12303A-CF37-4B50-B135-09759F466904}.Release|Any CPU.ActiveCfg = Release|Any CPU
		{3A12303A-CF37-4B50-B135-09759F466904}.Release|Any CPU.Build.0 = Release|Any CPU
		{3A12303A-CF37-4B50-B135-09759F466904}.Release|Any CPU.Deploy.0 = Release|Any CPU
		{21098A0C-CA6C-484B-8637-7A3BFAF4AABE}.Debug|Any CPU.ActiveCfg = Debug|Any CPU
		{21098A0C-CA6C-484B-8637-7A3BFAF4AABE}.Debug|Any CPU.Build.0 = Debug|Any CPU
		{21098A0C-CA6C-484B-8637-7A3BFAF4AABE}.Release|Any CPU.ActiveCfg = Release|Any CPU
		{21098A0C-CA6C-484B-8637-7A3BFAF4AABE}.Release|Any CPU.Build.0 = Release|Any CPU
		{426D4B5D-3EC2-498A-A986-4C4F206E90A0}.Debug|Any CPU.ActiveCfg = Debug|Any CPU
		{426D4B5D-3EC2-498A-A986-4C4F206E90A0}.Debug|Any CPU.Build.0 = Debug|Any CPU
		{426D4B5D-3EC2-498A-A986-4C4F206E90A0}.Debug|Any CPU.Deploy.0 = Debug|Any CPU
		{426D4B5D-3EC2-498A-A986-4C4F206E90A0}.Release|Any CPU.ActiveCfg = Release|Any CPU
		{426D4B5D-3EC2-498A-A986-4C4F206E90A0}.Release|Any CPU.Build.0 = Release|Any CPU
		{426D4B5D-3EC2-498A-A986-4C4F206E90A0}.Release|Any CPU.Deploy.0 = Release|Any CPU
		{686F7A93-4139-49BA-AC05-D59728D92DE1}.Debug|Any CPU.ActiveCfg = Debug|Any CPU
		{686F7A93-4139-49BA-AC05-D59728D92DE1}.Debug|Any CPU.Build.0 = Debug|Any CPU
		{686F7A93-4139-49BA-AC05-D59728D92DE1}.Debug|Any CPU.Deploy.0 = Debug|Any CPU
		{686F7A93-4139-49BA-AC05-D59728D92DE1}.Release|Any CPU.ActiveCfg = Release|Any CPU
		{686F7A93-4139-49BA-AC05-D59728D92DE1}.Release|Any CPU.Build.0 = Release|Any CPU
		{686F7A93-4139-49BA-AC05-D59728D92DE1}.Release|Any CPU.Deploy.0 = Release|Any CPU
		{7D63B03A-437E-4EE2-87F6-753157F4F06A}.Debug|Any CPU.ActiveCfg = Debug|Any CPU
		{7D63B03A-437E-4EE2-87F6-753157F4F06A}.Debug|Any CPU.Build.0 = Debug|Any CPU
		{7D63B03A-437E-4EE2-87F6-753157F4F06A}.Debug|Any CPU.Deploy.0 = Debug|Any CPU
		{7D63B03A-437E-4EE2-87F6-753157F4F06A}.Release|Any CPU.ActiveCfg = Release|Any CPU
		{7D63B03A-437E-4EE2-87F6-753157F4F06A}.Release|Any CPU.Build.0 = Release|Any CPU
		{7D63B03A-437E-4EE2-87F6-753157F4F06A}.Release|Any CPU.Deploy.0 = Release|Any CPU
		{631E2C5B-91EB-4414-B995-14B9C5A014CE}.Debug|Any CPU.ActiveCfg = Debug|Any CPU
		{631E2C5B-91EB-4414-B995-14B9C5A014CE}.Debug|Any CPU.Build.0 = Debug|Any CPU
		{631E2C5B-91EB-4414-B995-14B9C5A014CE}.Debug|Any CPU.Deploy.0 = Debug|Any CPU
		{631E2C5B-91EB-4414-B995-14B9C5A014CE}.Release|Any CPU.ActiveCfg = Release|Any CPU
		{631E2C5B-91EB-4414-B995-14B9C5A014CE}.Release|Any CPU.Build.0 = Release|Any CPU
		{631E2C5B-91EB-4414-B995-14B9C5A014CE}.Release|Any CPU.Deploy.0 = Release|Any CPU
		{450964EE-07D7-4C4E-8DEE-F79D3CABC4DC}.Debug|Any CPU.ActiveCfg = Debug|Any CPU
		{450964EE-07D7-4C4E-8DEE-F79D3CABC4DC}.Debug|Any CPU.Build.0 = Debug|Any CPU
		{450964EE-07D7-4C4E-8DEE-F79D3CABC4DC}.Debug|Any CPU.Deploy.0 = Debug|Any CPU
		{450964EE-07D7-4C4E-8DEE-F79D3CABC4DC}.Release|Any CPU.ActiveCfg = Release|Any CPU
		{450964EE-07D7-4C4E-8DEE-F79D3CABC4DC}.Release|Any CPU.Build.0 = Release|Any CPU
		{450964EE-07D7-4C4E-8DEE-F79D3CABC4DC}.Release|Any CPU.Deploy.0 = Release|Any CPU
		{33DDBCDB-3E8D-412D-9B26-E566579DD57E}.Debug|Any CPU.ActiveCfg = Debug|Any CPU
		{33DDBCDB-3E8D-412D-9B26-E566579DD57E}.Debug|Any CPU.Build.0 = Debug|Any CPU
		{33DDBCDB-3E8D-412D-9B26-E566579DD57E}.Release|Any CPU.ActiveCfg = Release|Any CPU
		{33DDBCDB-3E8D-412D-9B26-E566579DD57E}.Release|Any CPU.Build.0 = Release|Any CPU
		{D74BD533-A90F-440B-8F8C-DE69E03F9F01}.Debug|Any CPU.ActiveCfg = Debug|Any CPU
		{D74BD533-A90F-440B-8F8C-DE69E03F9F01}.Debug|Any CPU.Build.0 = Debug|Any CPU
		{D74BD533-A90F-440B-8F8C-DE69E03F9F01}.Debug|Any CPU.Deploy.0 = Debug|Any CPU
		{D74BD533-A90F-440B-8F8C-DE69E03F9F01}.Release|Any CPU.ActiveCfg = Release|Any CPU
		{D74BD533-A90F-440B-8F8C-DE69E03F9F01}.Release|Any CPU.Build.0 = Release|Any CPU
		{D74BD533-A90F-440B-8F8C-DE69E03F9F01}.Release|Any CPU.Deploy.0 = Release|Any CPU
		{8F68DCE3-2828-4158-95C0-B25FE0344AD7}.Debug|Any CPU.ActiveCfg = Debug|Any CPU
		{8F68DCE3-2828-4158-95C0-B25FE0344AD7}.Debug|Any CPU.Build.0 = Debug|Any CPU
		{8F68DCE3-2828-4158-95C0-B25FE0344AD7}.Debug|Any CPU.Deploy.0 = Debug|Any CPU
		{8F68DCE3-2828-4158-95C0-B25FE0344AD7}.Release|Any CPU.ActiveCfg = Release|Any CPU
		{8F68DCE3-2828-4158-95C0-B25FE0344AD7}.Release|Any CPU.Build.0 = Release|Any CPU
		{8F68DCE3-2828-4158-95C0-B25FE0344AD7}.Release|Any CPU.Deploy.0 = Release|Any CPU
		{C40B96EB-AF5C-4158-A3DF-C1C77DF878E0}.Debug|Any CPU.ActiveCfg = Debug|Any CPU
		{C40B96EB-AF5C-4158-A3DF-C1C77DF878E0}.Debug|Any CPU.Build.0 = Debug|Any CPU
		{C40B96EB-AF5C-4158-A3DF-C1C77DF878E0}.Debug|Any CPU.Deploy.0 = Debug|Any CPU
		{C40B96EB-AF5C-4158-A3DF-C1C77DF878E0}.Release|Any CPU.ActiveCfg = Release|Any CPU
		{C40B96EB-AF5C-4158-A3DF-C1C77DF878E0}.Release|Any CPU.Build.0 = Release|Any CPU
		{C40B96EB-AF5C-4158-A3DF-C1C77DF878E0}.Release|Any CPU.Deploy.0 = Release|Any CPU
		{0EEE7254-A098-41F6-B189-CE2F03D9CB75}.Debug|Any CPU.ActiveCfg = Debug|Any CPU
		{0EEE7254-A098-41F6-B189-CE2F03D9CB75}.Debug|Any CPU.Build.0 = Debug|Any CPU
		{0EEE7254-A098-41F6-B189-CE2F03D9CB75}.Debug|Any CPU.Deploy.0 = Debug|Any CPU
		{0EEE7254-A098-41F6-B189-CE2F03D9CB75}.Release|Any CPU.ActiveCfg = Release|Any CPU
		{0EEE7254-A098-41F6-B189-CE2F03D9CB75}.Release|Any CPU.Build.0 = Release|Any CPU
		{0EEE7254-A098-41F6-B189-CE2F03D9CB75}.Release|Any CPU.Deploy.0 = Release|Any CPU
		{B9EF0C37-6230-40CC-9D8E-9AD5A5F81141}.Debug|Any CPU.ActiveCfg = Debug|Any CPU
		{B9EF0C37-6230-40CC-9D8E-9AD5A5F81141}.Debug|Any CPU.Build.0 = Debug|Any CPU
		{B9EF0C37-6230-40CC-9D8E-9AD5A5F81141}.Debug|Any CPU.Deploy.0 = Debug|Any CPU
		{B9EF0C37-6230-40CC-9D8E-9AD5A5F81141}.Release|Any CPU.ActiveCfg = Release|Any CPU
		{B9EF0C37-6230-40CC-9D8E-9AD5A5F81141}.Release|Any CPU.Build.0 = Release|Any CPU
		{B9EF0C37-6230-40CC-9D8E-9AD5A5F81141}.Release|Any CPU.Deploy.0 = Release|Any CPU
		{360633E8-A8FD-4D19-8AD8-94859005AB2F}.Debug|Any CPU.ActiveCfg = Debug|Any CPU
		{360633E8-A8FD-4D19-8AD8-94859005AB2F}.Debug|Any CPU.Build.0 = Debug|Any CPU
		{360633E8-A8FD-4D19-8AD8-94859005AB2F}.Debug|Any CPU.Deploy.0 = Debug|Any CPU
		{360633E8-A8FD-4D19-8AD8-94859005AB2F}.Release|Any CPU.ActiveCfg = Release|Any CPU
		{360633E8-A8FD-4D19-8AD8-94859005AB2F}.Release|Any CPU.Build.0 = Release|Any CPU
		{360633E8-A8FD-4D19-8AD8-94859005AB2F}.Release|Any CPU.Deploy.0 = Release|Any CPU
		{CC06F0E5-A7BC-42C0-B3FF-F2493A085726}.Debug|Any CPU.ActiveCfg = Debug|Any CPU
		{CC06F0E5-A7BC-42C0-B3FF-F2493A085726}.Debug|Any CPU.Build.0 = Debug|Any CPU
		{CC06F0E5-A7BC-42C0-B3FF-F2493A085726}.Debug|Any CPU.Deploy.0 = Debug|Any CPU
		{CC06F0E5-A7BC-42C0-B3FF-F2493A085726}.Release|Any CPU.ActiveCfg = Release|Any CPU
		{CC06F0E5-A7BC-42C0-B3FF-F2493A085726}.Release|Any CPU.Build.0 = Release|Any CPU
		{CC06F0E5-A7BC-42C0-B3FF-F2493A085726}.Release|Any CPU.Deploy.0 = Release|Any CPU
		{D2615DB2-1868-4321-BEDF-D078A6381FFC}.Debug|Any CPU.ActiveCfg = Debug|Any CPU
		{D2615DB2-1868-4321-BEDF-D078A6381FFC}.Debug|Any CPU.Build.0 = Debug|Any CPU
		{D2615DB2-1868-4321-BEDF-D078A6381FFC}.Debug|Any CPU.Deploy.0 = Debug|Any CPU
		{D2615DB2-1868-4321-BEDF-D078A6381FFC}.Release|Any CPU.ActiveCfg = Release|Any CPU
		{D2615DB2-1868-4321-BEDF-D078A6381FFC}.Release|Any CPU.Build.0 = Release|Any CPU
		{D2615DB2-1868-4321-BEDF-D078A6381FFC}.Release|Any CPU.Deploy.0 = Release|Any CPU
		{E31859C8-CAEF-473B-95C9-F0632B113ABB}.Debug|Any CPU.ActiveCfg = Debug|Any CPU
		{E31859C8-CAEF-473B-95C9-F0632B113ABB}.Debug|Any CPU.Build.0 = Debug|Any CPU
		{E31859C8-CAEF-473B-95C9-F0632B113ABB}.Debug|Any CPU.Deploy.0 = Debug|Any CPU
		{E31859C8-CAEF-473B-95C9-F0632B113ABB}.Release|Any CPU.ActiveCfg = Release|Any CPU
		{E31859C8-CAEF-473B-95C9-F0632B113ABB}.Release|Any CPU.Build.0 = Release|Any CPU
		{E31859C8-CAEF-473B-95C9-F0632B113ABB}.Release|Any CPU.Deploy.0 = Release|Any CPU
	EndGlobalSection
	GlobalSection(SolutionProperties) = preSolution
		HideSolutionNode = FALSE
	EndGlobalSection
	GlobalSection(NestedProjects) = preSolution
		{D43A5AAA-B8FB-457D-AA2F-91FA574FF91A} = {433B8CA6-C339-4F3C-B29A-47D903280924}
		{8737E16E-E4BD-4BF0-9C89-9E206DDD46FD} = {9C13204C-97BB-4962-96FC-B3796A85B98F}
		{71285E56-24EA-49B5-A45B-F6813C88AA8A} = {9C13204C-97BB-4962-96FC-B3796A85B98F}
		{433B8CA6-C339-4F3C-B29A-47D903280924} = {AEFAFB5E-83E6-4591-8E02-CB85962DFF0B}
		{A972EC01-DDB1-4817-A1F9-9AEDDF404913} = {8737E16E-E4BD-4BF0-9C89-9E206DDD46FD}
		{519FA1E7-5640-4782-9F26-C2C5D6F72128} = {8737E16E-E4BD-4BF0-9C89-9E206DDD46FD}
		{97E97B00-CCC6-474D-8C71-B7653EF446F7} = {8737E16E-E4BD-4BF0-9C89-9E206DDD46FD}
		{AEFAFB5E-83E6-4591-8E02-CB85962DFF0B} = {8737E16E-E4BD-4BF0-9C89-9E206DDD46FD}
		{52979624-CE2B-4077-A87F-A33E8D8C333A} = {97E97B00-CCC6-474D-8C71-B7653EF446F7}
		{04EECB06-BF81-4920-B425-4A729911A7E3} = {AEFAFB5E-83E6-4591-8E02-CB85962DFF0B}
		{B0B79B76-7225-4F57-A9F5-2757799EE58C} = {04EECB06-BF81-4920-B425-4A729911A7E3}
		{E0CFAE7F-F7A5-4DD1-99D6-1A6239CB51AB} = {A972EC01-DDB1-4817-A1F9-9AEDDF404913}
		{512F3E65-BEF8-457C-94E5-99D6FBDA9D81} = {519FA1E7-5640-4782-9F26-C2C5D6F72128}
		{8B73CFF9-3CD7-41AF-B1EC-3832DDE575B5} = {52979624-CE2B-4077-A87F-A33E8D8C333A}
		{FD48A0BE-F297-4EF8-B2DB-0E775F9CF8E4} = {52979624-CE2B-4077-A87F-A33E8D8C333A}
		{AD1602E9-25CC-41CA-9789-0BA80AD2AE43} = {97E97B00-CCC6-474D-8C71-B7653EF446F7}
		{AD9B0641-981D-4C3E-95AA-7BF4CE95D349} = {AD1602E9-25CC-41CA-9789-0BA80AD2AE43}
		{1E477792-5062-4E73-B217-AF20652115B3} = {AD1602E9-25CC-41CA-9789-0BA80AD2AE43}
		{F263CEB1-76B9-4A59-9B33-7C37DCC02347} = {9C13204C-97BB-4962-96FC-B3796A85B98F}
		{C047EBEB-2B76-4C46-9E55-B46A24CDCEBB} = {71285E56-24EA-49B5-A45B-F6813C88AA8A}
		{7BD5200F-E74B-4EF1-AEFE-A5FC1A7D02D4} = {C047EBEB-2B76-4C46-9E55-B46A24CDCEBB}
		{F2CB2772-F378-4739-9837-9F9DF6C689D9} = {C047EBEB-2B76-4C46-9E55-B46A24CDCEBB}
		{29705F4E-6161-46E9-8F62-C8701C8FCE34} = {C047EBEB-2B76-4C46-9E55-B46A24CDCEBB}
		{B64AF9D3-1B7F-4B08-A88A-1DDCA271DD2B} = {C047EBEB-2B76-4C46-9E55-B46A24CDCEBB}
		{00A8B1B9-46B7-4E7D-926E-BDA075825BC3} = {519FA1E7-5640-4782-9F26-C2C5D6F72128}
		{51B88ACD-2011-4873-81E2-C6E58090C7DB} = {97E97B00-CCC6-474D-8C71-B7653EF446F7}
		{B91198E0-08DE-41B6-9056-95F90C3E0AD8} = {14D979DA-85FE-41DC-9C59-A49EE52EC9A5}
		{43BACDC9-2889-476E-AF08-727E1B31D0B8} = {671C019C-7DCC-4B9E-AD7D-B9F6F35D044E}
		{591E6CC5-EE07-423C-A6D1-48AD8AB3DC34} = {671C019C-7DCC-4B9E-AD7D-B9F6F35D044E}
		{13DAE136-5BF2-460C-BFD7-7BDB0785C935} = {671C019C-7DCC-4B9E-AD7D-B9F6F35D044E}
		{6BF7A52A-311B-41C0-A112-3D8A06DA12FF} = {14D979DA-85FE-41DC-9C59-A49EE52EC9A5}
		{1C9ECD3D-B554-4FDA-92BE-B8CE461BCBA4} = {14D979DA-85FE-41DC-9C59-A49EE52EC9A5}
		{E3B8C927-987B-410C-9B8F-9C683B2F494A} = {937CCB6F-427B-415E-813E-025AF73741CC}
		{74032D84-5715-43FF-B4D7-A0811210FD5D} = {937CCB6F-427B-415E-813E-025AF73741CC}
		{CCC3A6CB-7C8D-4401-BD6C-2B0C4606CDFF} = {D7258BEF-416D-4F3E-A359-87BD545A84A9}
		{937CCB6F-427B-415E-813E-025AF73741CC} = {F215B6A7-4C79-4415-95D2-6F561143C9AC}
		{D7258BEF-416D-4F3E-A359-87BD545A84A9} = {F215B6A7-4C79-4415-95D2-6F561143C9AC}
		{8CE62F62-CE5D-48F4-8754-3F07FF72C3C2} = {D7258BEF-416D-4F3E-A359-87BD545A84A9}
		{7429E8FC-195F-4628-B7E9-626C8837AD92} = {71285E56-24EA-49B5-A45B-F6813C88AA8A}
		{21098A0C-CA6C-484B-8637-7A3BFAF4AABE} = {7429E8FC-195F-4628-B7E9-626C8837AD92}
		{4C3F6E69-0FB4-41D5-8D8F-2E48B033A3EF} = {CE4ABC8D-3F54-49AA-BA5A-DD47E7CEB56B}
	EndGlobalSection
	GlobalSection(ExtensibilityGlobals) = postSolution
		SolutionGuid = {61F7FB11-1E47-470C-91E2-47F8143E1572}
	EndGlobalSection
EndGlobal
