
Microsoft Visual Studio Solution File, Format Version 12.00
# Visual Studio Version 17
VisualStudioVersion = 17.0.31611.283
MinimumVisualStudioVersion = 10.0.40219.1
Project("{9A19103F-16F7-4668-BE54-9A1E7A4F7556}") = "MauiAuth", "MauiAuth\MauiAuth.csproj", "{B91198E0-08DE-41B6-9056-95F90C3E0AD8}"
EndProject
Project("{9A19103F-16F7-4668-BE54-9A1E7A4F7556}") = "MauiBlazorPhotoGallery", "MauiBlazorPhotoGallery\MauiBlazorPhotoGallery.csproj", "{C9A17F44-78CB-4EDC-86C9-E307C2F25FF0}"
EndProject
Project("{9A19103F-16F7-4668-BE54-9A1E7A4F7556}") = "MauiSqlite", "Sqlite\MauiSqlite\MauiSqlite.csproj", "{43BACDC9-2889-476E-AF08-727E1B31D0B8}"
EndProject
Project("{9A19103F-16F7-4668-BE54-9A1E7A4F7556}") = "MauiMultiWindow", "MauiMultiWindow\MauiMultiWindow.csproj", "{432B4EFB-447B-4FA8-8083-6A00B56D0F13}"
EndProject
Project("{2150E333-8FDC-42A3-9474-1A3956D46DE8}") = "Sqlite", "Sqlite", "{671C019C-7DCC-4B9E-AD7D-B9F6F35D044E}"
EndProject
Project("{FAE04EC0-301F-11D3-BF4B-00C04F79EFBC}") = "MauiSqliteBlazor", "Sqlite\MauiSqliteBlazor\MauiSqliteBlazor.csproj", "{591E6CC5-EE07-423C-A6D1-48AD8AB3DC34}"
EndProject
Project("{FAE04EC0-301F-11D3-BF4B-00C04F79EFBC}") = "SqliteRepository", "Sqlite\SqliteRepository\SqliteRepository.csproj", "{13DAE136-5BF2-460C-BFD7-7BDB0785C935}"
EndProject
Global
	GlobalSection(SolutionConfigurationPlatforms) = preSolution
		Debug|Any CPU = Debug|Any CPU
		Release|Any CPU = Release|Any CPU
	EndGlobalSection
	GlobalSection(ProjectConfigurationPlatforms) = postSolution
		{B91198E0-08DE-41B6-9056-95F90C3E0AD8}.Debug|Any CPU.ActiveCfg = Debug|Any CPU
		{B91198E0-08DE-41B6-9056-95F90C3E0AD8}.Debug|Any CPU.Build.0 = Debug|Any CPU
		{B91198E0-08DE-41B6-9056-95F90C3E0AD8}.Debug|Any CPU.Deploy.0 = Debug|Any CPU
		{B91198E0-08DE-41B6-9056-95F90C3E0AD8}.Release|Any CPU.ActiveCfg = Release|Any CPU
		{B91198E0-08DE-41B6-9056-95F90C3E0AD8}.Release|Any CPU.Build.0 = Release|Any CPU
		{B91198E0-08DE-41B6-9056-95F90C3E0AD8}.Release|Any CPU.Deploy.0 = Release|Any CPU
		{C9A17F44-78CB-4EDC-86C9-E307C2F25FF0}.Debug|Any CPU.ActiveCfg = Debug|Any CPU
		{C9A17F44-78CB-4EDC-86C9-E307C2F25FF0}.Debug|Any CPU.Build.0 = Debug|Any CPU
		{C9A17F44-78CB-4EDC-86C9-E307C2F25FF0}.Debug|Any CPU.Deploy.0 = Debug|Any CPU
		{C9A17F44-78CB-4EDC-86C9-E307C2F25FF0}.Release|Any CPU.ActiveCfg = Release|Any CPU
		{C9A17F44-78CB-4EDC-86C9-E307C2F25FF0}.Release|Any CPU.Build.0 = Release|Any CPU
		{43BACDC9-2889-476E-AF08-727E1B31D0B8}.Debug|Any CPU.ActiveCfg = Debug|Any CPU
		{43BACDC9-2889-476E-AF08-727E1B31D0B8}.Debug|Any CPU.Build.0 = Debug|Any CPU
		{43BACDC9-2889-476E-AF08-727E1B31D0B8}.Debug|Any CPU.Deploy.0 = Debug|Any CPU
		{43BACDC9-2889-476E-AF08-727E1B31D0B8}.Release|Any CPU.ActiveCfg = Release|Any CPU
		{43BACDC9-2889-476E-AF08-727E1B31D0B8}.Release|Any CPU.Build.0 = Release|Any CPU
		{432B4EFB-447B-4FA8-8083-6A00B56D0F13}.Debug|Any CPU.ActiveCfg = Debug|Any CPU
		{432B4EFB-447B-4FA8-8083-6A00B56D0F13}.Debug|Any CPU.Build.0 = Debug|Any CPU
		{432B4EFB-447B-4FA8-8083-6A00B56D0F13}.Debug|Any CPU.Deploy.0 = Debug|Any CPU
		{432B4EFB-447B-4FA8-8083-6A00B56D0F13}.Release|Any CPU.ActiveCfg = Release|Any CPU
		{432B4EFB-447B-4FA8-8083-6A00B56D0F13}.Release|Any CPU.Build.0 = Release|Any CPU
		{432B4EFB-447B-4FA8-8083-6A00B56D0F13}.Release|Any CPU.Deploy.0 = Release|Any CPU
		{591E6CC5-EE07-423C-A6D1-48AD8AB3DC34}.Debug|Any CPU.ActiveCfg = Debug|Any CPU
		{591E6CC5-EE07-423C-A6D1-48AD8AB3DC34}.Debug|Any CPU.Build.0 = Debug|Any CPU
		{591E6CC5-EE07-423C-A6D1-48AD8AB3DC34}.Debug|Any CPU.Deploy.0 = Debug|Any CPU
		{591E6CC5-EE07-423C-A6D1-48AD8AB3DC34}.Release|Any CPU.ActiveCfg = Release|Any CPU
		{591E6CC5-EE07-423C-A6D1-48AD8AB3DC34}.Release|Any CPU.Build.0 = Release|Any CPU
		{591E6CC5-EE07-423C-A6D1-48AD8AB3DC34}.Release|Any CPU.Deploy.0 = Release|Any CPU
		{13DAE136-5BF2-460C-BFD7-7BDB0785C935}.Debug|Any CPU.ActiveCfg = Debug|Any CPU
		{13DAE136-5BF2-460C-BFD7-7BDB0785C935}.Debug|Any CPU.Build.0 = Debug|Any CPU
		{13DAE136-5BF2-460C-BFD7-7BDB0785C935}.Release|Any CPU.ActiveCfg = Release|Any CPU
		{13DAE136-5BF2-460C-BFD7-7BDB0785C935}.Release|Any CPU.Build.0 = Release|Any CPU
	EndGlobalSection
	GlobalSection(SolutionProperties) = preSolution
		HideSolutionNode = FALSE
	EndGlobalSection
	GlobalSection(NestedProjects) = preSolution
		{43BACDC9-2889-476E-AF08-727E1B31D0B8} = {671C019C-7DCC-4B9E-AD7D-B9F6F35D044E}
		{591E6CC5-EE07-423C-A6D1-48AD8AB3DC34} = {671C019C-7DCC-4B9E-AD7D-B9F6F35D044E}
		{13DAE136-5BF2-460C-BFD7-7BDB0785C935} = {671C019C-7DCC-4B9E-AD7D-B9F6F35D044E}
	EndGlobalSection
	GlobalSection(ExtensibilityGlobals) = postSolution
		SolutionGuid = {61F7FB11-1E47-470C-91E2-47F8143E1572}
	EndGlobalSection
EndGlobal
